
Microsoft Visual Studio Solution File, Format Version 12.00
# Visual Studio Version 16
VisualStudioVersion = 16.0.31702.278
MinimumVisualStudioVersion = 10.0.40219.1
Project("{FAE04EC0-301F-11D3-BF4B-00C04F79EFBC}") = "CarDatabase", "CarDatabase\CarDatabase.csproj", "{FA57F688-7D1D-462C-ACA0-2BC51E6ABBFF}"
EndProject
Global
	GlobalSection(SolutionConfigurationPlatforms) = preSolution
		Debug|Any CPU = Debug|Any CPU
		Release|Any CPU = Release|Any CPU
	EndGlobalSection
	GlobalSection(ProjectConfigurationPlatforms) = postSolution
		{FA57F688-7D1D-462C-ACA0-2BC51E6ABBFF}.Debug|Any CPU.ActiveCfg = Debug|Any CPU
		{FA57F688-7D1D-462C-ACA0-2BC51E6ABBFF}.Debug|Any CPU.Build.0 = Debug|Any CPU
		{FA57F688-7D1D-462C-ACA0-2BC51E6ABBFF}.Release|Any CPU.ActiveCfg = Release|Any CPU
		{FA57F688-7D1D-462C-ACA0-2BC51E6ABBFF}.Release|Any CPU.Build.0 = Release|Any CPU
	EndGlobalSection
	GlobalSection(SolutionProperties) = preSolution
		HideSolutionNode = FALSE
	EndGlobalSection
	GlobalSection(ExtensibilityGlobals) = postSolution
		SolutionGuid = {E4F3ADC0-D548-46DA-B897-58704F57F36A}
	EndGlobalSection
EndGlobal
